
Microsoft Visual Studio Solution File, Format Version 12.00
# Visual Studio Version 16
VisualStudioVersion = 16.0.32126.315
MinimumVisualStudioVersion = 10.0.40219.1
Project("{8BC9CEB8-8B4A-11D0-8D11-00A0C91BC942}") = "Division_with_remainder", "Division_with_remainder\Division_with_remainder.vcxproj", "{4CCC1F9A-3A8E-4E45-A832-8639E73FE4C5}"
EndProject
Global
	GlobalSection(SolutionConfigurationPlatforms) = preSolution
		Debug|x64 = Debug|x64
		Debug|x86 = Debug|x86
		Release|x64 = Release|x64
		Release|x86 = Release|x86
	EndGlobalSection
	GlobalSection(ProjectConfigurationPlatforms) = postSolution
		{4CCC1F9A-3A8E-4E45-A832-8639E73FE4C5}.Debug|x64.ActiveCfg = Debug|x64
		{4CCC1F9A-3A8E-4E45-A832-8639E73FE4C5}.Debug|x64.Build.0 = Debug|x64
		{4CCC1F9A-3A8E-4E45-A832-8639E73FE4C5}.Debug|x86.ActiveCfg = Debug|Win32
		{4CCC1F9A-3A8E-4E45-A832-8639E73FE4C5}.Debug|x86.Build.0 = Debug|Win32
		{4CCC1F9A-3A8E-4E45-A832-8639E73FE4C5}.Release|x64.ActiveCfg = Release|x64
		{4CCC1F9A-3A8E-4E45-A832-8639E73FE4C5}.Release|x64.Build.0 = Release|x64
		{4CCC1F9A-3A8E-4E45-A832-8639E73FE4C5}.Release|x86.ActiveCfg = Release|Win32
		{4CCC1F9A-3A8E-4E45-A832-8639E73FE4C5}.Release|x86.Build.0 = Release|Win32
	EndGlobalSection
	GlobalSection(SolutionProperties) = preSolution
		HideSolutionNode = FALSE
	EndGlobalSection
	GlobalSection(ExtensibilityGlobals) = postSolution
		SolutionGuid = {0565EF92-84C1-45F6-BDAC-D578CA901127}
	EndGlobalSection
EndGlobal
